
Microsoft Visual Studio Solution File, Format Version 12.00
# Visual Studio Version 17
VisualStudioVersion = 17.4.33213.308
MinimumVisualStudioVersion = 10.0.40219.1
Project("{FAE04EC0-301F-11D3-BF4B-00C04F79EFBC}") = "u2_1_formas", "u2_1_formas\u2_1_formas.csproj", "{A59665A1-638F-4260-A70B-9B01CFF83ECD}"
EndProject
Global
	GlobalSection(SolutionConfigurationPlatforms) = preSolution
		Debug|Any CPU = Debug|Any CPU
		Release|Any CPU = Release|Any CPU
	EndGlobalSection
	GlobalSection(ProjectConfigurationPlatforms) = postSolution
		{A59665A1-638F-4260-A70B-9B01CFF83ECD}.Debug|Any CPU.ActiveCfg = Debug|Any CPU
		{A59665A1-638F-4260-A70B-9B01CFF83ECD}.Debug|Any CPU.Build.0 = Debug|Any CPU
		{A59665A1-638F-4260-A70B-9B01CFF83ECD}.Release|Any CPU.ActiveCfg = Release|Any CPU
		{A59665A1-638F-4260-A70B-9B01CFF83ECD}.Release|Any CPU.Build.0 = Release|Any CPU
	EndGlobalSection
	GlobalSection(SolutionProperties) = preSolution
		HideSolutionNode = FALSE
	EndGlobalSection
	GlobalSection(ExtensibilityGlobals) = postSolution
		SolutionGuid = {A72FDAC9-D669-4EC2-8F63-57BA2196B2C8}
	EndGlobalSection
EndGlobal
